github.com/kr/binarydist v0.1.0 h1:6kAoLA9FMMnNGSehX0s1PdjbEaACznAv/W219j2uvyo=
github.com/kr/binarydist v0.1.0/go.mod h1:DY7S//GCoz1BCd0B0EVrinCKAZN3pXe+MDaIZbXQVgM=
github.com/spf13/cobra v0.0.3 h1:ZlrZ4XsMRm04Fr5pSFxBgfND2EBVa1nLpiy1stUsX/8=
github.com/spf13/cobra v0.0.3/go.mod h1:1l0Ry5zgKvJasoi3XT1TypsSe7PqH0Sj9dhYf7v3XqQ=
github.com/spf13/pflag v1.0.3 h1:zPAT6CGy6wXeQ7NtTnaTerfKOsV6V6F8agHXFiazDkg=
github.com/spf13/pflag v1.0.3/go.mod h1:DYY7MBk1bdzusC3SYhjObp+wFpr4gzcvqqNjLnInEg4=
